
Microsoft Visual Studio Solution File, Format Version 12.00
# Visual Studio 2012
Project("{FAE04EC0-301F-11D3-BF4B-00C04F79EFBC}") = "WindowsPhoneGame1", "WindowsPhoneGame1\WindowsPhoneGame1\WindowsPhoneGame1.csproj", "{1E4C7E69-DF43-48A6-B38A-9C12F5F38EAF}"
EndProject
Project("{FAE04EC0-301F-11D3-BF4B-00C04F79EFBC}") = "WindowsPhoneGame1Content", "WindowsPhoneGame1\WindowsPhoneGame1Content\WindowsPhoneGame1Content.contentproj", "{24EB8D22-2147-410D-9A34-056EEFFD8FA7}"
EndProject
Project("{FAE04EC0-301F-11D3-BF4B-00C04F79EFBC}") = "WindowsPhoneGame2", "WindowsPhoneGame2\WindowsPhoneGame2\WindowsPhoneGame2.csproj", "{5F1EE693-A444-4CF8-813D-AB78BCDE7232}"
EndProject
Project("{FAE04EC0-301F-11D3-BF4B-00C04F79EFBC}") = "WindowsPhoneGame2Content", "WindowsPhoneGame2\WindowsPhoneGame2Content\WindowsPhoneGame2Content.contentproj", "{2947C040-82D9-42A1-AA47-C89561F0AF50}"
EndProject
Project("{FAE04EC0-301F-11D3-BF4B-00C04F79EFBC}") = "WindowsPhoneGame3", "WindowsPhoneGame3\WindowsPhoneGame3\WindowsPhoneGame3.csproj", "{44898527-FD4D-4225-9A74-18832D705043}"
EndProject
Project("{FAE04EC0-301F-11D3-BF4B-00C04F79EFBC}") = "WindowsPhoneGame3Content", "WindowsPhoneGame3\WindowsPhoneGame3Content\WindowsPhoneGame3Content.contentproj", "{AF80E6E7-8AA7-4AFC-A829-100A7397FECF}"
EndProject
Project("{FAE04EC0-301F-11D3-BF4B-00C04F79EFBC}") = "WindowsPhoneGame4", "WindowsPhoneGame4\WindowsPhoneGame4\WindowsPhoneGame4.csproj", "{C50C3911-3C08-4701-B52B-631DFD79601D}"
EndProject
Project("{96E2B04D-8817-42C6-938A-82C39BA4D311}") = "WindowsPhoneGame4Content", "WindowsPhoneGame4\WindowsPhoneGame4Content\WindowsPhoneGame4Content.contentproj", "{17E4C2B2-F34D-431E-9AC7-5E804432E2AB}"
EndProject
Global
	GlobalSection(TeamFoundationVersionControl) = preSolution
		SccNumberOfProjects = 6
		SccEnterpriseProvider = {4CA58AB2-18FA-4F8D-95D4-32DDF27D184C}
		SccTeamFoundationServer = https://tfs.codeplex.com/tfs/tfs27
		SccProjectUniqueName0 = WindowsPhoneGame1\\WindowsPhoneGame1Content\\WindowsPhoneGame1Content.contentproj
		SccProjectName0 = WindowsPhoneGame1/WindowsPhoneGame1Content
		SccAuxPath0 = https://tfs.codeplex.com/tfs/tfs27
		SccLocalPath0 = WindowsPhoneGame1\\WindowsPhoneGame1Content
		SccProvider0 = {4CA58AB2-18FA-4F8D-95D4-32DDF27D184C}
		SccProjectUniqueName1 = WindowsPhoneGame1\\WindowsPhoneGame1\\WindowsPhoneGame1.csproj
		SccProjectName1 = WindowsPhoneGame1/WindowsPhoneGame1
		SccAuxPath1 = https://tfs.codeplex.com/tfs/tfs27
		SccLocalPath1 = WindowsPhoneGame1\\WindowsPhoneGame1
		SccProvider1 = {4CA58AB2-18FA-4F8D-95D4-32DDF27D184C}
		SccProjectUniqueName2 = WindowsPhoneGame2\\WindowsPhoneGame2Content\\WindowsPhoneGame2Content.contentproj
		SccProjectName2 = WindowsPhoneGame2/WindowsPhoneGame2Content
		SccAuxPath2 = https://tfs.codeplex.com/tfs/tfs27
		SccLocalPath2 = WindowsPhoneGame2\\WindowsPhoneGame2Content
		SccProvider2 = {4CA58AB2-18FA-4F8D-95D4-32DDF27D184C}
		SccProjectUniqueName3 = WindowsPhoneGame2\\WindowsPhoneGame2\\WindowsPhoneGame2.csproj
		SccProjectName3 = WindowsPhoneGame2/WindowsPhoneGame2
		SccAuxPath3 = https://tfs.codeplex.com/tfs/tfs27
		SccLocalPath3 = WindowsPhoneGame2\\WindowsPhoneGame2
		SccProvider3 = {4CA58AB2-18FA-4F8D-95D4-32DDF27D184C}
		SccProjectUniqueName4 = WindowsPhoneGame3\\WindowsPhoneGame3Content\\WindowsPhoneGame3Content.contentproj
		SccProjectName4 = WindowsPhoneGame3/WindowsPhoneGame3Content
		SccAuxPath4 = https://tfs.codeplex.com/tfs/tfs27
		SccLocalPath4 = WindowsPhoneGame3\\WindowsPhoneGame3Content
		SccProvider4 = {4CA58AB2-18FA-4F8D-95D4-32DDF27D184C}
		SccProjectUniqueName5 = WindowsPhoneGame3\\WindowsPhoneGame3\\WindowsPhoneGame3.csproj
		SccProjectName5 = WindowsPhoneGame3/WindowsPhoneGame3
		SccAuxPath5 = https://tfs.codeplex.com/tfs/tfs27
		SccLocalPath5 = WindowsPhoneGame3\\WindowsPhoneGame3
		SccProvider5 = {4CA58AB2-18FA-4F8D-95D4-32DDF27D184C}
	EndGlobalSection
	GlobalSection(SolutionConfigurationPlatforms) = preSolution
		Debug|Any CPU = Debug|Any CPU
		Debug|Mixed Platforms = Debug|Mixed Platforms
		Debug|Windows Phone = Debug|Windows Phone
		Debug|x86 = Debug|x86
		Installer|Any CPU = Installer|Any CPU
		Installer|Mixed Platforms = Installer|Mixed Platforms
		Installer|Windows Phone = Installer|Windows Phone
		Installer|x86 = Installer|x86
		Release|Any CPU = Release|Any CPU
		Release|Mixed Platforms = Release|Mixed Platforms
		Release|Windows Phone = Release|Windows Phone
		Release|x86 = Release|x86
	EndGlobalSection
	GlobalSection(ProjectConfigurationPlatforms) = postSolution
		{1E4C7E69-DF43-48A6-B38A-9C12F5F38EAF}.Debug|Any CPU.ActiveCfg = Debug|Windows Phone
		{1E4C7E69-DF43-48A6-B38A-9C12F5F38EAF}.Debug|Mixed Platforms.ActiveCfg = Debug|Windows Phone
		{1E4C7E69-DF43-48A6-B38A-9C12F5F38EAF}.Debug|Mixed Platforms.Build.0 = Debug|Windows Phone
		{1E4C7E69-DF43-48A6-B38A-9C12F5F38EAF}.Debug|Mixed Platforms.Deploy.0 = Debug|Windows Phone
		{1E4C7E69-DF43-48A6-B38A-9C12F5F38EAF}.Debug|Windows Phone.ActiveCfg = Debug|Windows Phone
		{1E4C7E69-DF43-48A6-B38A-9C12F5F38EAF}.Debug|Windows Phone.Build.0 = Debug|Windows Phone
		{1E4C7E69-DF43-48A6-B38A-9C12F5F38EAF}.Debug|Windows Phone.Deploy.0 = Debug|Windows Phone
		{1E4C7E69-DF43-48A6-B38A-9C12F5F38EAF}.Debug|x86.ActiveCfg = Debug|Windows Phone
		{1E4C7E69-DF43-48A6-B38A-9C12F5F38EAF}.Installer|Any CPU.ActiveCfg = Release|Windows Phone
		{1E4C7E69-DF43-48A6-B38A-9C12F5F38EAF}.Installer|Mixed Platforms.ActiveCfg = Release|Windows Phone
		{1E4C7E69-DF43-48A6-B38A-9C12F5F38EAF}.Installer|Mixed Platforms.Build.0 = Release|Windows Phone
		{1E4C7E69-DF43-48A6-B38A-9C12F5F38EAF}.Installer|Mixed Platforms.Deploy.0 = Release|Windows Phone
		{1E4C7E69-DF43-48A6-B38A-9C12F5F38EAF}.Installer|Windows Phone.ActiveCfg = Release|Windows Phone
		{1E4C7E69-DF43-48A6-B38A-9C12F5F38EAF}.Installer|Windows Phone.Build.0 = Release|Windows Phone
		{1E4C7E69-DF43-48A6-B38A-9C12F5F38EAF}.Installer|Windows Phone.Deploy.0 = Release|Windows Phone
		{1E4C7E69-DF43-48A6-B38A-9C12F5F38EAF}.Installer|x86.ActiveCfg = Release|Windows Phone
		{1E4C7E69-DF43-48A6-B38A-9C12F5F38EAF}.Release|Any CPU.ActiveCfg = Release|Windows Phone
		{1E4C7E69-DF43-48A6-B38A-9C12F5F38EAF}.Release|Mixed Platforms.ActiveCfg = Release|Windows Phone
		{1E4C7E69-DF43-48A6-B38A-9C12F5F38EAF}.Release|Mixed Platforms.Build.0 = Release|Windows Phone
		{1E4C7E69-DF43-48A6-B38A-9C12F5F38EAF}.Release|Mixed Platforms.Deploy.0 = Release|Windows Phone
		{1E4C7E69-DF43-48A6-B38A-9C12F5F38EAF}.Release|Windows Phone.ActiveCfg = Release|Windows Phone
		{1E4C7E69-DF43-48A6-B38A-9C12F5F38EAF}.Release|Windows Phone.Build.0 = Release|Windows Phone
		{1E4C7E69-DF43-48A6-B38A-9C12F5F38EAF}.Release|Windows Phone.Deploy.0 = Release|Windows Phone
		{1E4C7E69-DF43-48A6-B38A-9C12F5F38EAF}.Release|x86.ActiveCfg = Release|Windows Phone
		{24EB8D22-2147-410D-9A34-056EEFFD8FA7}.Debug|Any CPU.ActiveCfg = Debug|Windows Phone
		{24EB8D22-2147-410D-9A34-056EEFFD8FA7}.Debug|Mixed Platforms.ActiveCfg = Debug|Windows Phone
		{24EB8D22-2147-410D-9A34-056EEFFD8FA7}.Debug|Windows Phone.ActiveCfg = Debug|Windows Phone
		{24EB8D22-2147-410D-9A34-056EEFFD8FA7}.Debug|x86.ActiveCfg = Debug|Windows Phone
		{24EB8D22-2147-410D-9A34-056EEFFD8FA7}.Installer|Any CPU.ActiveCfg = Release|Windows Phone
		{24EB8D22-2147-410D-9A34-056EEFFD8FA7}.Installer|Mixed Platforms.ActiveCfg = Release|Windows Phone
		{24EB8D22-2147-410D-9A34-056EEFFD8FA7}.Installer|Windows Phone.ActiveCfg = Release|Windows Phone
		{24EB8D22-2147-410D-9A34-056EEFFD8FA7}.Installer|x86.ActiveCfg = Release|Windows Phone
		{24EB8D22-2147-410D-9A34-056EEFFD8FA7}.Release|Any CPU.ActiveCfg = Release|Windows Phone
		{24EB8D22-2147-410D-9A34-056EEFFD8FA7}.Release|Mixed Platforms.ActiveCfg = Release|Windows Phone
		{24EB8D22-2147-410D-9A34-056EEFFD8FA7}.Release|Windows Phone.ActiveCfg = Release|Windows Phone
		{24EB8D22-2147-410D-9A34-056EEFFD8FA7}.Release|x86.ActiveCfg = Release|Windows Phone
		{5F1EE693-A444-4CF8-813D-AB78BCDE7232}.Debug|Any CPU.ActiveCfg = Debug|Windows Phone
		{5F1EE693-A444-4CF8-813D-AB78BCDE7232}.Debug|Mixed Platforms.ActiveCfg = Debug|Windows Phone
		{5F1EE693-A444-4CF8-813D-AB78BCDE7232}.Debug|Mixed Platforms.Build.0 = Debug|Windows Phone
		{5F1EE693-A444-4CF8-813D-AB78BCDE7232}.Debug|Mixed Platforms.Deploy.0 = Debug|Windows Phone
		{5F1EE693-A444-4CF8-813D-AB78BCDE7232}.Debug|Windows Phone.ActiveCfg = Debug|Windows Phone
		{5F1EE693-A444-4CF8-813D-AB78BCDE7232}.Debug|Windows Phone.Build.0 = Debug|Windows Phone
		{5F1EE693-A444-4CF8-813D-AB78BCDE7232}.Debug|Windows Phone.Deploy.0 = Debug|Windows Phone
		{5F1EE693-A444-4CF8-813D-AB78BCDE7232}.Debug|x86.ActiveCfg = Debug|Windows Phone
		{5F1EE693-A444-4CF8-813D-AB78BCDE7232}.Installer|Any CPU.ActiveCfg = Release|Windows Phone
		{5F1EE693-A444-4CF8-813D-AB78BCDE7232}.Installer|Mixed Platforms.ActiveCfg = Release|Windows Phone
		{5F1EE693-A444-4CF8-813D-AB78BCDE7232}.Installer|Mixed Platforms.Build.0 = Release|Windows Phone
		{5F1EE693-A444-4CF8-813D-AB78BCDE7232}.Installer|Mixed Platforms.Deploy.0 = Release|Windows Phone
		{5F1EE693-A444-4CF8-813D-AB78BCDE7232}.Installer|Windows Phone.ActiveCfg = Release|Windows Phone
		{5F1EE693-A444-4CF8-813D-AB78BCDE7232}.Installer|Windows Phone.Build.0 = Release|Windows Phone
		{5F1EE693-A444-4CF8-813D-AB78BCDE7232}.Installer|Windows Phone.Deploy.0 = Release|Windows Phone
		{5F1EE693-A444-4CF8-813D-AB78BCDE7232}.Installer|x86.ActiveCfg = Release|Windows Phone
		{5F1EE693-A444-4CF8-813D-AB78BCDE7232}.Release|Any CPU.ActiveCfg = Release|Windows Phone
		{5F1EE693-A444-4CF8-813D-AB78BCDE7232}.Release|Mixed Platforms.ActiveCfg = Release|Windows Phone
		{5F1EE693-A444-4CF8-813D-AB78BCDE7232}.Release|Mixed Platforms.Build.0 = Release|Windows Phone
		{5F1EE693-A444-4CF8-813D-AB78BCDE7232}.Release|Mixed Platforms.Deploy.0 = Release|Windows Phone
		{5F1EE693-A444-4CF8-813D-AB78BCDE7232}.Release|Windows Phone.ActiveCfg = Release|Windows Phone
		{5F1EE693-A444-4CF8-813D-AB78BCDE7232}.Release|Windows Phone.Build.0 = Release|Windows Phone
		{5F1EE693-A444-4CF8-813D-AB78BCDE7232}.Release|Windows Phone.Deploy.0 = Release|Windows Phone
		{5F1EE693-A444-4CF8-813D-AB78BCDE7232}.Release|x86.ActiveCfg = Release|Windows Phone
		{2947C040-82D9-42A1-AA47-C89561F0AF50}.Debug|Any CPU.ActiveCfg = Debug|Windows Phone
		{2947C040-82D9-42A1-AA47-C89561F0AF50}.Debug|Mixed Platforms.ActiveCfg = Debug|Windows Phone
		{2947C040-82D9-42A1-AA47-C89561F0AF50}.Debug|Windows Phone.ActiveCfg = Debug|Windows Phone
		{2947C040-82D9-42A1-AA47-C89561F0AF50}.Debug|x86.ActiveCfg = Debug|Windows Phone
		{2947C040-82D9-42A1-AA47-C89561F0AF50}.Installer|Any CPU.ActiveCfg = Release|Windows Phone
		{2947C040-82D9-42A1-AA47-C89561F0AF50}.Installer|Mixed Platforms.ActiveCfg = Release|Windows Phone
		{2947C040-82D9-42A1-AA47-C89561F0AF50}.Installer|Windows Phone.ActiveCfg = Release|Windows Phone
		{2947C040-82D9-42A1-AA47-C89561F0AF50}.Installer|x86.ActiveCfg = Release|Windows Phone
		{2947C040-82D9-42A1-AA47-C89561F0AF50}.Release|Any CPU.ActiveCfg = Release|Windows Phone
		{2947C040-82D9-42A1-AA47-C89561F0AF50}.Release|Mixed Platforms.ActiveCfg = Release|Windows Phone
		{2947C040-82D9-42A1-AA47-C89561F0AF50}.Release|Windows Phone.ActiveCfg = Release|Windows Phone
		{2947C040-82D9-42A1-AA47-C89561F0AF50}.Release|x86.ActiveCfg = Release|Windows Phone
		{44898527-FD4D-4225-9A74-18832D705043}.Debug|Any CPU.ActiveCfg = Debug|Windows Phone
		{44898527-FD4D-4225-9A74-18832D705043}.Debug|Mixed Platforms.ActiveCfg = Debug|Windows Phone
		{44898527-FD4D-4225-9A74-18832D705043}.Debug|Mixed Platforms.Build.0 = Debug|Windows Phone
		{44898527-FD4D-4225-9A74-18832D705043}.Debug|Mixed Platforms.Deploy.0 = Debug|Windows Phone
		{44898527-FD4D-4225-9A74-18832D705043}.Debug|Windows Phone.ActiveCfg = Debug|Windows Phone
		{44898527-FD4D-4225-9A74-18832D705043}.Debug|Windows Phone.Build.0 = Debug|Windows Phone
		{44898527-FD4D-4225-9A74-18832D705043}.Debug|Windows Phone.Deploy.0 = Debug|Windows Phone
		{44898527-FD4D-4225-9A74-18832D705043}.Debug|x86.ActiveCfg = Debug|Windows Phone
		{44898527-FD4D-4225-9A74-18832D705043}.Installer|Any CPU.ActiveCfg = Release|Windows Phone
		{44898527-FD4D-4225-9A74-18832D705043}.Installer|Mixed Platforms.ActiveCfg = Release|Windows Phone
		{44898527-FD4D-4225-9A74-18832D705043}.Installer|Mixed Platforms.Build.0 = Release|Windows Phone
		{44898527-FD4D-4225-9A74-18832D705043}.Installer|Mixed Platforms.Deploy.0 = Release|Windows Phone
		{44898527-FD4D-4225-9A74-18832D705043}.Installer|Windows Phone.ActiveCfg = Release|Windows Phone
		{44898527-FD4D-4225-9A74-18832D705043}.Installer|Windows Phone.Build.0 = Release|Windows Phone
		{44898527-FD4D-4225-9A74-18832D705043}.Installer|Windows Phone.Deploy.0 = Release|Windows Phone
		{44898527-FD4D-4225-9A74-18832D705043}.Installer|x86.ActiveCfg = Release|Windows Phone
		{44898527-FD4D-4225-9A74-18832D705043}.Release|Any CPU.ActiveCfg = Release|Windows Phone
		{44898527-FD4D-4225-9A74-18832D705043}.Release|Mixed Platforms.ActiveCfg = Release|Windows Phone
		{44898527-FD4D-4225-9A74-18832D705043}.Release|Mixed Platforms.Build.0 = Release|Windows Phone
		{44898527-FD4D-4225-9A74-18832D705043}.Release|Mixed Platforms.Deploy.0 = Release|Windows Phone
		{44898527-FD4D-4225-9A74-18832D705043}.Release|Windows Phone.ActiveCfg = Release|Windows Phone
		{44898527-FD4D-4225-9A74-18832D705043}.Release|Windows Phone.Build.0 = Release|Windows Phone
		{44898527-FD4D-4225-9A74-18832D705043}.Release|Windows Phone.Deploy.0 = Release|Windows Phone
		{44898527-FD4D-4225-9A74-18832D705043}.Release|x86.ActiveCfg = Release|Windows Phone
		{AF80E6E7-8AA7-4AFC-A829-100A7397FECF}.Debug|Any CPU.ActiveCfg = Debug|Windows Phone
		{AF80E6E7-8AA7-4AFC-A829-100A7397FECF}.Debug|Mixed Platforms.ActiveCfg = Debug|Windows Phone
		{AF80E6E7-8AA7-4AFC-A829-100A7397FECF}.Debug|Windows Phone.ActiveCfg = Debug|Windows Phone
		{AF80E6E7-8AA7-4AFC-A829-100A7397FECF}.Debug|x86.ActiveCfg = Debug|Windows Phone
		{AF80E6E7-8AA7-4AFC-A829-100A7397FECF}.Installer|Any CPU.ActiveCfg = Release|Windows Phone
		{AF80E6E7-8AA7-4AFC-A829-100A7397FECF}.Installer|Mixed Platforms.ActiveCfg = Release|Windows Phone
		{AF80E6E7-8AA7-4AFC-A829-100A7397FECF}.Installer|Windows Phone.ActiveCfg = Release|Windows Phone
		{AF80E6E7-8AA7-4AFC-A829-100A7397FECF}.Installer|x86.ActiveCfg = Release|Windows Phone
		{AF80E6E7-8AA7-4AFC-A829-100A7397FECF}.Release|Any CPU.ActiveCfg = Release|Windows Phone
		{AF80E6E7-8AA7-4AFC-A829-100A7397FECF}.Release|Mixed Platforms.ActiveCfg = Release|Windows Phone
		{AF80E6E7-8AA7-4AFC-A829-100A7397FECF}.Release|Windows Phone.ActiveCfg = Release|Windows Phone
		{AF80E6E7-8AA7-4AFC-A829-100A7397FECF}.Release|x86.ActiveCfg = Release|Windows Phone
		{C50C3911-3C08-4701-B52B-631DFD79601D}.Debug|Any CPU.ActiveCfg = Debug|Windows Phone
		{C50C3911-3C08-4701-B52B-631DFD79601D}.Debug|Mixed Platforms.ActiveCfg = Debug|Windows Phone
		{C50C3911-3C08-4701-B52B-631DFD79601D}.Debug|Mixed Platforms.Build.0 = Debug|Windows Phone
		{C50C3911-3C08-4701-B52B-631DFD79601D}.Debug|Mixed Platforms.Deploy.0 = Debug|Windows Phone
		{C50C3911-3C08-4701-B52B-631DFD79601D}.Debug|Windows Phone.ActiveCfg = Debug|Windows Phone
		{C50C3911-3C08-4701-B52B-631DFD79601D}.Debug|Windows Phone.Build.0 = Debug|Windows Phone
		{C50C3911-3C08-4701-B52B-631DFD79601D}.Debug|Windows Phone.Deploy.0 = Debug|Windows Phone
		{C50C3911-3C08-4701-B52B-631DFD79601D}.Debug|x86.ActiveCfg = Debug|Windows Phone
		{C50C3911-3C08-4701-B52B-631DFD79601D}.Installer|Any CPU.ActiveCfg = Release|Windows Phone
		{C50C3911-3C08-4701-B52B-631DFD79601D}.Installer|Mixed Platforms.ActiveCfg = Release|Windows Phone
		{C50C3911-3C08-4701-B52B-631DFD79601D}.Installer|Mixed Platforms.Build.0 = Release|Windows Phone
		{C50C3911-3C08-4701-B52B-631DFD79601D}.Installer|Mixed Platforms.Deploy.0 = Release|Windows Phone
		{C50C3911-3C08-4701-B52B-631DFD79601D}.Installer|Windows Phone.ActiveCfg = Release|Windows Phone
		{C50C3911-3C08-4701-B52B-631DFD79601D}.Installer|Windows Phone.Build.0 = Release|Windows Phone
		{C50C3911-3C08-4701-B52B-631DFD79601D}.Installer|Windows Phone.Deploy.0 = Release|Windows Phone
		{C50C3911-3C08-4701-B52B-631DFD79601D}.Installer|x86.ActiveCfg = Release|Windows Phone
		{C50C3911-3C08-4701-B52B-631DFD79601D}.Release|Any CPU.ActiveCfg = Release|Windows Phone
		{C50C3911-3C08-4701-B52B-631DFD79601D}.Release|Mixed Platforms.ActiveCfg = Release|Windows Phone
		{C50C3911-3C08-4701-B52B-631DFD79601D}.Release|Mixed Platforms.Build.0 = Release|Windows Phone
		{C50C3911-3C08-4701-B52B-631DFD79601D}.Release|Mixed Platforms.Deploy.0 = Release|Windows Phone
		{C50C3911-3C08-4701-B52B-631DFD79601D}.Release|Windows Phone.ActiveCfg = Release|Windows Phone
		{C50C3911-3C08-4701-B52B-631DFD79601D}.Release|Windows Phone.Build.0 = Release|Windows Phone
		{C50C3911-3C08-4701-B52B-631DFD79601D}.Release|Windows Phone.Deploy.0 = Release|Windows Phone
		{C50C3911-3C08-4701-B52B-631DFD79601D}.Release|x86.ActiveCfg = Release|Windows Phone
		{17E4C2B2-F34D-431E-9AC7-5E804432E2AB}.Debug|Any CPU.ActiveCfg = Debug|Windows Phone
		{17E4C2B2-F34D-431E-9AC7-5E804432E2AB}.Debug|Mixed Platforms.ActiveCfg = Debug|Windows Phone
		{17E4C2B2-F34D-431E-9AC7-5E804432E2AB}.Debug|Windows Phone.ActiveCfg = Debug|Windows Phone
		{17E4C2B2-F34D-431E-9AC7-5E804432E2AB}.Debug|x86.ActiveCfg = Debug|Windows Phone
		{17E4C2B2-F34D-431E-9AC7-5E804432E2AB}.Installer|Any CPU.ActiveCfg = Release|Windows Phone
		{17E4C2B2-F34D-431E-9AC7-5E804432E2AB}.Installer|Mixed Platforms.ActiveCfg = Release|Windows Phone
		{17E4C2B2-F34D-431E-9AC7-5E804432E2AB}.Installer|Windows Phone.ActiveCfg = Release|Windows Phone
		{17E4C2B2-F34D-431E-9AC7-5E804432E2AB}.Installer|x86.ActiveCfg = Release|Windows Phone
		{17E4C2B2-F34D-431E-9AC7-5E804432E2AB}.Release|Any CPU.ActiveCfg = Release|Windows Phone
		{17E4C2B2-F34D-431E-9AC7-5E804432E2AB}.Release|Mixed Platforms.ActiveCfg = Release|Windows Phone
		{17E4C2B2-F34D-431E-9AC7-5E804432E2AB}.Release|Windows Phone.ActiveCfg = Release|Windows Phone
		{17E4C2B2-F34D-431E-9AC7-5E804432E2AB}.Release|x86.ActiveCfg = Release|Windows Phone
	EndGlobalSection
	GlobalSection(SolutionProperties) = preSolution
		HideSolutionNode = FALSE
	EndGlobalSection
EndGlobal
